
Microsoft Visual Studio Solution File, Format Version 12.00
# Visual Studio 15
VisualStudioVersion = 15.0.27130.2036
MinimumVisualStudioVersion = 10.0.40219.1
Project("{2150E333-8FDC-42A3-9474-1A3956D46DE8}") = "Core", "Core", "{20EAFC3F-1742-4032-B885-2DDCFE385E22}"
EndProject
Project("{FAE04EC0-301F-11D3-BF4B-00C04F79EFBC}") = "EvoMp.Core.Core", "EvoMp.Core.Core\EvoMp.Core.Core.csproj", "{8EEFB99A-D966-4332-9FCE-BC7FEE18F464}"
EndProject
Project("{2150E333-8FDC-42A3-9474-1A3956D46DE8}") = "Modules", "Modules", "{C9CEAFCB-4DE8-414E-851E-0EDB48D04B47}"
EndProject
Project("{FAE04EC0-301F-11D3-BF4B-00C04F79EFBC}") = "EvoMp.Module.DbAccess", "EvoMp.Module.DbAccess\EvoMp.Module.DbAccess.csproj", "{FC2DA305-BD70-468E-BCC5-7BCF4F161471}"
EndProject
Project("{FAE04EC0-301F-11D3-BF4B-00C04F79EFBC}") = "EvoMp.Module.DiscordHandler", "EvoMp.Module.DiscordHandler\EvoMp.Module.DiscordHandler.csproj", "{2338FE0F-7527-48C1-BC1A-92F801BB7BAD}"
EndProject
Project("{FAE04EC0-301F-11D3-BF4B-00C04F79EFBC}") = "EvoMp.Module.EventHandler", "EvoMp.Module.EventHandler\EvoMp.Module.EventHandler.csproj", "{2ADDF79C-3F18-4DDC-8865-AABC4FBE79F8}"
EndProject
Project("{FAE04EC0-301F-11D3-BF4B-00C04F79EFBC}") = "EvoMp.Module.ItemManager", "EvoMp.Module.ItemManager\EvoMp.Module.ItemManager.csproj", "{F242A363-4F5B-481F-A80B-777E82C18F68}"
EndProject
Project("{FAE04EC0-301F-11D3-BF4B-00C04F79EFBC}") = "EvoMp.Module.TestModule", "EvoMp.Module.TestModule\EvoMp.Module.TestModule.csproj", "{73FA5524-663A-4AF7-97D7-C77EF5859A9F}"
EndProject
Project("{FAE04EC0-301F-11D3-BF4B-00C04F79EFBC}") = "EvoMp.Core.ConsoleHandler", "EvoMp.Core.ConsoleHandler\EvoMp.Core.ConsoleHandler.csproj", "{C78E7D97-2D34-4C47-A48E-DF1A3E960D61}"
EndProject
Project("{FAE04EC0-301F-11D3-BF4B-00C04F79EFBC}") = "EvoMp.Module.CommandHandler", "EvoMp.Module.CommandHandler\EvoMp.Module.CommandHandler.csproj", "{234B271E-7F73-42AA-97CF-C7D9630D841A}"
EndProject
Project("{FAE04EC0-301F-11D3-BF4B-00C04F79EFBC}") = "EvoMp.Core.Module", "EvoMp.Core.Module\EvoMp.Core.Module.csproj", "{F4B5EDA5-1BFB-46FD-920F-FEBC1CE90EA1}"
EndProject
Project("{FAE04EC0-301F-11D3-BF4B-00C04F79EFBC}") = "EvoMp.Core.Parameter", "EvoMp.Core.Parameter\EvoMp.Core.Parameter.csproj", "{EE63F684-46DB-466E-82B2-74F988F3DD4B}"
EndProject
Project("{FAE04EC0-301F-11D3-BF4B-00C04F79EFBC}") = "EvoMp.Module.MessageHandler", "EvoMp.Module.MessageHandler\EvoMp.Module.MessageHandler.csproj", "{CF764600-E3A0-46BF-8CC9-7AA352D07B4E}"
EndProject
Project("{FAE04EC0-301F-11D3-BF4B-00C04F79EFBC}") = "EvoMp.Core.ColorHandler", "EvoMp.Core.ColorHandler\EvoMp.Core.ColorHandler.csproj", "{C0437DC2-2BB7-4AF0-89A9-22CE4B6E7C25}"
EndProject
Project("{2150E333-8FDC-42A3-9474-1A3956D46DE8}") = "Client", "Client", "{D51D2071-6765-4DCC-9627-A3949D8C1DFD}"
	ProjectSection(SolutionItems) = preProject
		..\.editorconfig = ..\.editorconfig
		..\.gitignore = ..\.gitignore
		..\.prettierrc.yaml = ..\.prettierrc.yaml
		..\LICENSE = ..\LICENSE
		..\package.json = ..\package.json
		..\readme.md = ..\readme.md
		..\tsconfig.json = ..\tsconfig.json
		..\tslint.json = ..\tslint.json
		..\yarn.lock = ..\yarn.lock
	EndProjectSection
EndProject
Project("{2150E333-8FDC-42A3-9474-1A3956D46DE8}") = "Build", "Build", "{29845475-AB8D-4D36-BFF2-7F7153167842}"
	ProjectSection(SolutionItems) = preProject
		..\Build\CreateMeta.js = ..\Build\CreateMeta.js
		..\Build\Web.js = ..\Build\Web.js
		..\Build\Webpack.config.js = ..\Build\Webpack.config.js
	EndProjectSection
EndProject
Project("{FAE04EC0-301F-11D3-BF4B-00C04F79EFBC}") = "EvoMp.Module.Login", "EvoMp.Module.Login\EvoMp.Module.Login.csproj", "{1540F9A6-A25C-46B5-8A25-B3D9F3DA3358}"
EndProject
Project("{FAE04EC0-301F-11D3-BF4B-00C04F79EFBC}") = "EvoMp.Module.VehicleHandler", "EvoMp.Module.VehicleHandler\EvoMp.Module.VehicleHandler.csproj", "{340F8F6E-0B27-4EA5-90E9-ECB208808F32}"
EndProject
Project("{FAE04EC0-301F-11D3-BF4B-00C04F79EFBC}") = "EvoMp.Core.StartupProject", "EvoMp.Core.StartupProject\EvoMp.Core.StartupProject.csproj", "{C3088118-4A6B-4A1D-972D-9B0A83E026B3}"
EndProject
Project("{FAE04EC0-301F-11D3-BF4B-00C04F79EFBC}") = "EvoMp.Client.BuildProject", "EvoMp.Client.BuildProject\EvoMp.Client.BuildProject.csproj", "{E33A9273-6561-42E9-92C2-D7FE13D7E9AA}"
EndProject
Project("{FAE04EC0-301F-11D3-BF4B-00C04F79EFBC}") = "EvoMp.Module.ClientHandler", "EvoMp.Module.ClientHandler\EvoMp.Module.ClientHandler.csproj", "{5D3D1B81-DB2F-4503-A6C9-DF5D6468E355}"
EndProject
Project("{FAE04EC0-301F-11D3-BF4B-00C04F79EFBC}") = "EvoMp.Module.ClientWrapper", "EvoMp.Module.ClientWrapper\EvoMp.Module.ClientWrapper.csproj", "{6CF04FB7-6F52-49F6-A213-5AB262B0BDD3}"
EndProject
Project("{FAE04EC0-301F-11D3-BF4B-00C04F79EFBC}") = "EvoMp.Module.Race", "EvoMp.Module.Race\EvoMp.Module.Race.csproj", "{920E153B-8139-44E8-BF01-E7B3B056BCE6}"
EndProject
Project("{FAE04EC0-301F-11D3-BF4B-00C04F79EFBC}") = "EvoMp.Module.ColShapeHandler", "EvoMp.Module.ColShapeHandler\EvoMp.Module.ColShapeHandler.csproj", "{3D009C13-256A-4F29-84AB-465DE07265CF}"
EndProject
Project("{FAE04EC0-301F-11D3-BF4B-00C04F79EFBC}") = "EvoMp.Core.Shared", "EvoMp.Core.Shared\EvoMp.Core.Shared.csproj", "{7DFDE116-E468-415D-AC25-7BDC6FC91C0C}"
EndProject
Project("{FAE04EC0-301F-11D3-BF4B-00C04F79EFBC}") = "EvoMp.Module.WeaponUtils", "EvoMp.Module.WeaponUtils\EvoMp.Module.WeaponUtils.csproj", "{427E4E85-EF34-425B-BEBD-A2B5846C26E9}"
EndProject
Project("{FAE04EC0-301F-11D3-BF4B-00C04F79EFBC}") = "EvoMp.Module.Notifications", "EvoMp.Module.Notifications\EvoMp.Module.Notifications.csproj", "{1D227EB6-C472-472B-9D00-CBB1C61271B2}"
EndProject
Project("{FAE04EC0-301F-11D3-BF4B-00C04F79EFBC}") = "EvoMp.Module.ChromeEmbeddedFramework", "EvoMp.Module.ChromeEmbeddedFramework\EvoMp.Module.ChromeEmbeddedFramework.csproj", "{C7317C14-7D1C-49AE-8EB0-78B16F3B3753}"
EndProject
Project("{FAE04EC0-301F-11D3-BF4B-00C04F79EFBC}") = "EvoMp.Module.MaterialDesignIcons", "EvoMp.Module.MaterialDesignIcons\EvoMp.Module.MaterialDesignIcons.csproj", "{C5325287-8054-4356-A1DB-6AA63DBD4094}"
EndProject
Project("{FAE04EC0-301F-11D3-BF4B-00C04F79EFBC}") = "EvoMp.Module.IonIcons", "EvoMp.Module.IonIcons\EvoMp.Module.IonIcons.csproj", "{D819BBFE-10F5-4A78-AE4B-350AE758EDAE}"
EndProject
Project("{FAE04EC0-301F-11D3-BF4B-00C04F79EFBC}") = "EvoMp.Module.UiKit", "EvoMp.Module.UiKit\EvoMp.Module.UiKit.csproj", "{89A2370E-C111-4B64-B900-B26346EC65B8}"
EndProject
Project("{FAE04EC0-301F-11D3-BF4B-00C04F79EFBC}") = "EvoMp.Module.MapHandler", "EvoMp.Module.MapHandler\EvoMp.Module.MapHandler.csproj", "{FF098784-F57B-4D6C-BF5B-31DCB6094313}"
EndProject
Global
	GlobalSection(SolutionConfigurationPlatforms) = preSolution
		Debug|Any CPU = Debug|Any CPU
		Linux-Debug|Any CPU = Linux-Debug|Any CPU
		Linux-Release|Any CPU = Linux-Release|Any CPU
		Release|Any CPU = Release|Any CPU
		Windows-Debug|Any CPU = Windows-Debug|Any CPU
		Windows-Release|Any CPU = Windows-Release|Any CPU
	EndGlobalSection
	GlobalSection(ProjectConfigurationPlatforms) = postSolution
		{8EEFB99A-D966-4332-9FCE-BC7FEE18F464}.Debug|Any CPU.ActiveCfg = Windows-Debug|Any CPU
		{8EEFB99A-D966-4332-9FCE-BC7FEE18F464}.Debug|Any CPU.Build.0 = Windows-Debug|Any CPU
		{8EEFB99A-D966-4332-9FCE-BC7FEE18F464}.Linux-Debug|Any CPU.ActiveCfg = Linux-Debug|Any CPU
		{8EEFB99A-D966-4332-9FCE-BC7FEE18F464}.Linux-Debug|Any CPU.Build.0 = Linux-Debug|Any CPU
		{8EEFB99A-D966-4332-9FCE-BC7FEE18F464}.Linux-Release|Any CPU.ActiveCfg = Linux-Release|Any CPU
		{8EEFB99A-D966-4332-9FCE-BC7FEE18F464}.Linux-Release|Any CPU.Build.0 = Linux-Release|Any CPU
		{8EEFB99A-D966-4332-9FCE-BC7FEE18F464}.Release|Any CPU.ActiveCfg = Windows-Release|Any CPU
		{8EEFB99A-D966-4332-9FCE-BC7FEE18F464}.Release|Any CPU.Build.0 = Windows-Release|Any CPU
		{8EEFB99A-D966-4332-9FCE-BC7FEE18F464}.Windows-Debug|Any CPU.ActiveCfg = Windows-Debug|Any CPU
		{8EEFB99A-D966-4332-9FCE-BC7FEE18F464}.Windows-Debug|Any CPU.Build.0 = Windows-Debug|Any CPU
		{8EEFB99A-D966-4332-9FCE-BC7FEE18F464}.Windows-Release|Any CPU.ActiveCfg = Windows-Release|Any CPU
		{8EEFB99A-D966-4332-9FCE-BC7FEE18F464}.Windows-Release|Any CPU.Build.0 = Windows-Release|Any CPU
		{FC2DA305-BD70-468E-BCC5-7BCF4F161471}.Debug|Any CPU.ActiveCfg = Windows-Debug|Any CPU
		{FC2DA305-BD70-468E-BCC5-7BCF4F161471}.Debug|Any CPU.Build.0 = Windows-Debug|Any CPU
		{FC2DA305-BD70-468E-BCC5-7BCF4F161471}.Linux-Debug|Any CPU.ActiveCfg = Linux-Debug|Any CPU
		{FC2DA305-BD70-468E-BCC5-7BCF4F161471}.Linux-Debug|Any CPU.Build.0 = Linux-Debug|Any CPU
		{FC2DA305-BD70-468E-BCC5-7BCF4F161471}.Linux-Release|Any CPU.ActiveCfg = Linux-Release|Any CPU
		{FC2DA305-BD70-468E-BCC5-7BCF4F161471}.Linux-Release|Any CPU.Build.0 = Linux-Release|Any CPU
		{FC2DA305-BD70-468E-BCC5-7BCF4F161471}.Release|Any CPU.ActiveCfg = Windows-Release|Any CPU
		{FC2DA305-BD70-468E-BCC5-7BCF4F161471}.Release|Any CPU.Build.0 = Windows-Release|Any CPU
		{FC2DA305-BD70-468E-BCC5-7BCF4F161471}.Windows-Debug|Any CPU.ActiveCfg = Windows-Debug|Any CPU
		{FC2DA305-BD70-468E-BCC5-7BCF4F161471}.Windows-Debug|Any CPU.Build.0 = Windows-Debug|Any CPU
		{FC2DA305-BD70-468E-BCC5-7BCF4F161471}.Windows-Release|Any CPU.ActiveCfg = Windows-Release|Any CPU
		{FC2DA305-BD70-468E-BCC5-7BCF4F161471}.Windows-Release|Any CPU.Build.0 = Windows-Release|Any CPU
		{2338FE0F-7527-48C1-BC1A-92F801BB7BAD}.Debug|Any CPU.ActiveCfg = Windows-Debug|Any CPU
		{2338FE0F-7527-48C1-BC1A-92F801BB7BAD}.Debug|Any CPU.Build.0 = Windows-Debug|Any CPU
		{2338FE0F-7527-48C1-BC1A-92F801BB7BAD}.Linux-Debug|Any CPU.ActiveCfg = Linux-Debug|Any CPU
		{2338FE0F-7527-48C1-BC1A-92F801BB7BAD}.Linux-Debug|Any CPU.Build.0 = Linux-Debug|Any CPU
		{2338FE0F-7527-48C1-BC1A-92F801BB7BAD}.Linux-Release|Any CPU.ActiveCfg = Linux-Release|Any CPU
		{2338FE0F-7527-48C1-BC1A-92F801BB7BAD}.Linux-Release|Any CPU.Build.0 = Linux-Release|Any CPU
		{2338FE0F-7527-48C1-BC1A-92F801BB7BAD}.Release|Any CPU.ActiveCfg = Windows-Release|Any CPU
		{2338FE0F-7527-48C1-BC1A-92F801BB7BAD}.Release|Any CPU.Build.0 = Windows-Release|Any CPU
		{2338FE0F-7527-48C1-BC1A-92F801BB7BAD}.Windows-Debug|Any CPU.ActiveCfg = Windows-Debug|Any CPU
		{2338FE0F-7527-48C1-BC1A-92F801BB7BAD}.Windows-Debug|Any CPU.Build.0 = Windows-Debug|Any CPU
		{2338FE0F-7527-48C1-BC1A-92F801BB7BAD}.Windows-Release|Any CPU.ActiveCfg = Windows-Release|Any CPU
		{2338FE0F-7527-48C1-BC1A-92F801BB7BAD}.Windows-Release|Any CPU.Build.0 = Windows-Release|Any CPU
		{2ADDF79C-3F18-4DDC-8865-AABC4FBE79F8}.Debug|Any CPU.ActiveCfg = Windows-Debug|Any CPU
		{2ADDF79C-3F18-4DDC-8865-AABC4FBE79F8}.Debug|Any CPU.Build.0 = Windows-Debug|Any CPU
		{2ADDF79C-3F18-4DDC-8865-AABC4FBE79F8}.Linux-Debug|Any CPU.ActiveCfg = Linux-Debug|Any CPU
		{2ADDF79C-3F18-4DDC-8865-AABC4FBE79F8}.Linux-Debug|Any CPU.Build.0 = Linux-Debug|Any CPU
		{2ADDF79C-3F18-4DDC-8865-AABC4FBE79F8}.Linux-Release|Any CPU.ActiveCfg = Linux-Release|Any CPU
		{2ADDF79C-3F18-4DDC-8865-AABC4FBE79F8}.Linux-Release|Any CPU.Build.0 = Linux-Release|Any CPU
		{2ADDF79C-3F18-4DDC-8865-AABC4FBE79F8}.Release|Any CPU.ActiveCfg = Windows-Release|Any CPU
		{2ADDF79C-3F18-4DDC-8865-AABC4FBE79F8}.Release|Any CPU.Build.0 = Windows-Release|Any CPU
		{2ADDF79C-3F18-4DDC-8865-AABC4FBE79F8}.Windows-Debug|Any CPU.ActiveCfg = Windows-Debug|Any CPU
		{2ADDF79C-3F18-4DDC-8865-AABC4FBE79F8}.Windows-Debug|Any CPU.Build.0 = Windows-Debug|Any CPU
		{2ADDF79C-3F18-4DDC-8865-AABC4FBE79F8}.Windows-Release|Any CPU.ActiveCfg = Windows-Release|Any CPU
		{2ADDF79C-3F18-4DDC-8865-AABC4FBE79F8}.Windows-Release|Any CPU.Build.0 = Windows-Release|Any CPU
		{F242A363-4F5B-481F-A80B-777E82C18F68}.Debug|Any CPU.ActiveCfg = Windows-Debug|Any CPU
		{F242A363-4F5B-481F-A80B-777E82C18F68}.Debug|Any CPU.Build.0 = Windows-Debug|Any CPU
		{F242A363-4F5B-481F-A80B-777E82C18F68}.Linux-Debug|Any CPU.ActiveCfg = Linux-Debug|Any CPU
		{F242A363-4F5B-481F-A80B-777E82C18F68}.Linux-Debug|Any CPU.Build.0 = Linux-Debug|Any CPU
		{F242A363-4F5B-481F-A80B-777E82C18F68}.Linux-Release|Any CPU.ActiveCfg = Linux-Release|Any CPU
		{F242A363-4F5B-481F-A80B-777E82C18F68}.Linux-Release|Any CPU.Build.0 = Linux-Release|Any CPU
		{F242A363-4F5B-481F-A80B-777E82C18F68}.Release|Any CPU.ActiveCfg = Windows-Release|Any CPU
		{F242A363-4F5B-481F-A80B-777E82C18F68}.Release|Any CPU.Build.0 = Windows-Release|Any CPU
		{F242A363-4F5B-481F-A80B-777E82C18F68}.Windows-Debug|Any CPU.ActiveCfg = Windows-Debug|Any CPU
		{F242A363-4F5B-481F-A80B-777E82C18F68}.Windows-Debug|Any CPU.Build.0 = Windows-Debug|Any CPU
		{F242A363-4F5B-481F-A80B-777E82C18F68}.Windows-Release|Any CPU.ActiveCfg = Windows-Release|Any CPU
		{F242A363-4F5B-481F-A80B-777E82C18F68}.Windows-Release|Any CPU.Build.0 = Windows-Release|Any CPU
		{73FA5524-663A-4AF7-97D7-C77EF5859A9F}.Debug|Any CPU.ActiveCfg = Windows-Debug|Any CPU
		{73FA5524-663A-4AF7-97D7-C77EF5859A9F}.Debug|Any CPU.Build.0 = Windows-Debug|Any CPU
		{73FA5524-663A-4AF7-97D7-C77EF5859A9F}.Linux-Debug|Any CPU.ActiveCfg = Linux-Debug|Any CPU
		{73FA5524-663A-4AF7-97D7-C77EF5859A9F}.Linux-Debug|Any CPU.Build.0 = Linux-Debug|Any CPU
		{73FA5524-663A-4AF7-97D7-C77EF5859A9F}.Linux-Release|Any CPU.ActiveCfg = Linux-Release|Any CPU
		{73FA5524-663A-4AF7-97D7-C77EF5859A9F}.Linux-Release|Any CPU.Build.0 = Linux-Release|Any CPU
		{73FA5524-663A-4AF7-97D7-C77EF5859A9F}.Release|Any CPU.ActiveCfg = Windows-Release|Any CPU
		{73FA5524-663A-4AF7-97D7-C77EF5859A9F}.Release|Any CPU.Build.0 = Windows-Release|Any CPU
		{73FA5524-663A-4AF7-97D7-C77EF5859A9F}.Windows-Debug|Any CPU.ActiveCfg = Windows-Debug|Any CPU
		{73FA5524-663A-4AF7-97D7-C77EF5859A9F}.Windows-Debug|Any CPU.Build.0 = Windows-Debug|Any CPU
		{73FA5524-663A-4AF7-97D7-C77EF5859A9F}.Windows-Release|Any CPU.ActiveCfg = Windows-Release|Any CPU
		{73FA5524-663A-4AF7-97D7-C77EF5859A9F}.Windows-Release|Any CPU.Build.0 = Windows-Release|Any CPU
		{C78E7D97-2D34-4C47-A48E-DF1A3E960D61}.Debug|Any CPU.ActiveCfg = Windows-Debug|Any CPU
		{C78E7D97-2D34-4C47-A48E-DF1A3E960D61}.Debug|Any CPU.Build.0 = Windows-Debug|Any CPU
		{C78E7D97-2D34-4C47-A48E-DF1A3E960D61}.Linux-Debug|Any CPU.ActiveCfg = Linux-Debug|Any CPU
		{C78E7D97-2D34-4C47-A48E-DF1A3E960D61}.Linux-Debug|Any CPU.Build.0 = Linux-Debug|Any CPU
		{C78E7D97-2D34-4C47-A48E-DF1A3E960D61}.Linux-Release|Any CPU.ActiveCfg = Linux-Release|Any CPU
		{C78E7D97-2D34-4C47-A48E-DF1A3E960D61}.Linux-Release|Any CPU.Build.0 = Linux-Release|Any CPU
		{C78E7D97-2D34-4C47-A48E-DF1A3E960D61}.Release|Any CPU.ActiveCfg = Windows-Release|Any CPU
		{C78E7D97-2D34-4C47-A48E-DF1A3E960D61}.Release|Any CPU.Build.0 = Windows-Release|Any CPU
		{C78E7D97-2D34-4C47-A48E-DF1A3E960D61}.Windows-Debug|Any CPU.ActiveCfg = Windows-Debug|Any CPU
		{C78E7D97-2D34-4C47-A48E-DF1A3E960D61}.Windows-Debug|Any CPU.Build.0 = Windows-Debug|Any CPU
		{C78E7D97-2D34-4C47-A48E-DF1A3E960D61}.Windows-Release|Any CPU.ActiveCfg = Windows-Release|Any CPU
		{C78E7D97-2D34-4C47-A48E-DF1A3E960D61}.Windows-Release|Any CPU.Build.0 = Windows-Release|Any CPU
		{234B271E-7F73-42AA-97CF-C7D9630D841A}.Debug|Any CPU.ActiveCfg = Windows-Debug|Any CPU
		{234B271E-7F73-42AA-97CF-C7D9630D841A}.Debug|Any CPU.Build.0 = Windows-Debug|Any CPU
		{234B271E-7F73-42AA-97CF-C7D9630D841A}.Linux-Debug|Any CPU.ActiveCfg = Linux-Debug|Any CPU
		{234B271E-7F73-42AA-97CF-C7D9630D841A}.Linux-Debug|Any CPU.Build.0 = Linux-Debug|Any CPU
		{234B271E-7F73-42AA-97CF-C7D9630D841A}.Linux-Release|Any CPU.ActiveCfg = Linux-Release|Any CPU
		{234B271E-7F73-42AA-97CF-C7D9630D841A}.Linux-Release|Any CPU.Build.0 = Linux-Release|Any CPU
		{234B271E-7F73-42AA-97CF-C7D9630D841A}.Release|Any CPU.ActiveCfg = Windows-Release|Any CPU
		{234B271E-7F73-42AA-97CF-C7D9630D841A}.Release|Any CPU.Build.0 = Windows-Release|Any CPU
		{234B271E-7F73-42AA-97CF-C7D9630D841A}.Windows-Debug|Any CPU.ActiveCfg = Windows-Debug|Any CPU
		{234B271E-7F73-42AA-97CF-C7D9630D841A}.Windows-Debug|Any CPU.Build.0 = Windows-Debug|Any CPU
		{234B271E-7F73-42AA-97CF-C7D9630D841A}.Windows-Release|Any CPU.ActiveCfg = Windows-Release|Any CPU
		{234B271E-7F73-42AA-97CF-C7D9630D841A}.Windows-Release|Any CPU.Build.0 = Windows-Release|Any CPU
		{F4B5EDA5-1BFB-46FD-920F-FEBC1CE90EA1}.Debug|Any CPU.ActiveCfg = Windows-Debug|Any CPU
		{F4B5EDA5-1BFB-46FD-920F-FEBC1CE90EA1}.Debug|Any CPU.Build.0 = Windows-Debug|Any CPU
		{F4B5EDA5-1BFB-46FD-920F-FEBC1CE90EA1}.Linux-Debug|Any CPU.ActiveCfg = Linux-Debug|Any CPU
		{F4B5EDA5-1BFB-46FD-920F-FEBC1CE90EA1}.Linux-Debug|Any CPU.Build.0 = Linux-Debug|Any CPU
		{F4B5EDA5-1BFB-46FD-920F-FEBC1CE90EA1}.Linux-Release|Any CPU.ActiveCfg = Linux-Release|Any CPU
		{F4B5EDA5-1BFB-46FD-920F-FEBC1CE90EA1}.Linux-Release|Any CPU.Build.0 = Linux-Release|Any CPU
		{F4B5EDA5-1BFB-46FD-920F-FEBC1CE90EA1}.Release|Any CPU.ActiveCfg = Windows-Release|Any CPU
		{F4B5EDA5-1BFB-46FD-920F-FEBC1CE90EA1}.Release|Any CPU.Build.0 = Windows-Release|Any CPU
		{F4B5EDA5-1BFB-46FD-920F-FEBC1CE90EA1}.Windows-Debug|Any CPU.ActiveCfg = Windows-Debug|Any CPU
		{F4B5EDA5-1BFB-46FD-920F-FEBC1CE90EA1}.Windows-Debug|Any CPU.Build.0 = Windows-Debug|Any CPU
		{F4B5EDA5-1BFB-46FD-920F-FEBC1CE90EA1}.Windows-Release|Any CPU.ActiveCfg = Windows-Release|Any CPU
		{F4B5EDA5-1BFB-46FD-920F-FEBC1CE90EA1}.Windows-Release|Any CPU.Build.0 = Windows-Release|Any CPU
		{EE63F684-46DB-466E-82B2-74F988F3DD4B}.Debug|Any CPU.ActiveCfg = Windows-Debug|Any CPU
		{EE63F684-46DB-466E-82B2-74F988F3DD4B}.Debug|Any CPU.Build.0 = Windows-Debug|Any CPU
		{EE63F684-46DB-466E-82B2-74F988F3DD4B}.Linux-Debug|Any CPU.ActiveCfg = Linux-Debug|Any CPU
		{EE63F684-46DB-466E-82B2-74F988F3DD4B}.Linux-Debug|Any CPU.Build.0 = Linux-Debug|Any CPU
		{EE63F684-46DB-466E-82B2-74F988F3DD4B}.Linux-Release|Any CPU.ActiveCfg = Linux-Release|Any CPU
		{EE63F684-46DB-466E-82B2-74F988F3DD4B}.Linux-Release|Any CPU.Build.0 = Linux-Release|Any CPU
		{EE63F684-46DB-466E-82B2-74F988F3DD4B}.Release|Any CPU.ActiveCfg = Windows-Release|Any CPU
		{EE63F684-46DB-466E-82B2-74F988F3DD4B}.Release|Any CPU.Build.0 = Windows-Release|Any CPU
		{EE63F684-46DB-466E-82B2-74F988F3DD4B}.Windows-Debug|Any CPU.ActiveCfg = Windows-Debug|Any CPU
		{EE63F684-46DB-466E-82B2-74F988F3DD4B}.Windows-Debug|Any CPU.Build.0 = Windows-Debug|Any CPU
		{EE63F684-46DB-466E-82B2-74F988F3DD4B}.Windows-Release|Any CPU.ActiveCfg = Windows-Release|Any CPU
		{EE63F684-46DB-466E-82B2-74F988F3DD4B}.Windows-Release|Any CPU.Build.0 = Windows-Release|Any CPU
		{CF764600-E3A0-46BF-8CC9-7AA352D07B4E}.Debug|Any CPU.ActiveCfg = Windows-Debug|Any CPU
		{CF764600-E3A0-46BF-8CC9-7AA352D07B4E}.Debug|Any CPU.Build.0 = Windows-Debug|Any CPU
		{CF764600-E3A0-46BF-8CC9-7AA352D07B4E}.Linux-Debug|Any CPU.ActiveCfg = Linux-Debug|Any CPU
		{CF764600-E3A0-46BF-8CC9-7AA352D07B4E}.Linux-Debug|Any CPU.Build.0 = Linux-Debug|Any CPU
		{CF764600-E3A0-46BF-8CC9-7AA352D07B4E}.Linux-Release|Any CPU.ActiveCfg = Linux-Release|Any CPU
		{CF764600-E3A0-46BF-8CC9-7AA352D07B4E}.Linux-Release|Any CPU.Build.0 = Linux-Release|Any CPU
		{CF764600-E3A0-46BF-8CC9-7AA352D07B4E}.Release|Any CPU.ActiveCfg = Windows-Release|Any CPU
		{CF764600-E3A0-46BF-8CC9-7AA352D07B4E}.Release|Any CPU.Build.0 = Windows-Release|Any CPU
		{CF764600-E3A0-46BF-8CC9-7AA352D07B4E}.Windows-Debug|Any CPU.ActiveCfg = Windows-Debug|Any CPU
		{CF764600-E3A0-46BF-8CC9-7AA352D07B4E}.Windows-Debug|Any CPU.Build.0 = Windows-Debug|Any CPU
		{CF764600-E3A0-46BF-8CC9-7AA352D07B4E}.Windows-Release|Any CPU.ActiveCfg = Windows-Release|Any CPU
		{CF764600-E3A0-46BF-8CC9-7AA352D07B4E}.Windows-Release|Any CPU.Build.0 = Windows-Release|Any CPU
		{C0437DC2-2BB7-4AF0-89A9-22CE4B6E7C25}.Debug|Any CPU.ActiveCfg = Windows-Debug|Any CPU
		{C0437DC2-2BB7-4AF0-89A9-22CE4B6E7C25}.Debug|Any CPU.Build.0 = Windows-Debug|Any CPU
		{C0437DC2-2BB7-4AF0-89A9-22CE4B6E7C25}.Linux-Debug|Any CPU.ActiveCfg = Linux-Debug|Any CPU
		{C0437DC2-2BB7-4AF0-89A9-22CE4B6E7C25}.Linux-Debug|Any CPU.Build.0 = Linux-Debug|Any CPU
		{C0437DC2-2BB7-4AF0-89A9-22CE4B6E7C25}.Linux-Release|Any CPU.ActiveCfg = Linux-Release|Any CPU
		{C0437DC2-2BB7-4AF0-89A9-22CE4B6E7C25}.Linux-Release|Any CPU.Build.0 = Linux-Release|Any CPU
		{C0437DC2-2BB7-4AF0-89A9-22CE4B6E7C25}.Release|Any CPU.ActiveCfg = Windows-Release|Any CPU
		{C0437DC2-2BB7-4AF0-89A9-22CE4B6E7C25}.Release|Any CPU.Build.0 = Windows-Release|Any CPU
		{C0437DC2-2BB7-4AF0-89A9-22CE4B6E7C25}.Windows-Debug|Any CPU.ActiveCfg = Windows-Debug|Any CPU
		{C0437DC2-2BB7-4AF0-89A9-22CE4B6E7C25}.Windows-Debug|Any CPU.Build.0 = Windows-Debug|Any CPU
		{C0437DC2-2BB7-4AF0-89A9-22CE4B6E7C25}.Windows-Release|Any CPU.ActiveCfg = Windows-Release|Any CPU
		{C0437DC2-2BB7-4AF0-89A9-22CE4B6E7C25}.Windows-Release|Any CPU.Build.0 = Windows-Release|Any CPU
		{1540F9A6-A25C-46B5-8A25-B3D9F3DA3358}.Debug|Any CPU.ActiveCfg = Windows-Debug|Any CPU
		{1540F9A6-A25C-46B5-8A25-B3D9F3DA3358}.Debug|Any CPU.Build.0 = Windows-Debug|Any CPU
		{1540F9A6-A25C-46B5-8A25-B3D9F3DA3358}.Linux-Debug|Any CPU.ActiveCfg = Linux-Debug|Any CPU
		{1540F9A6-A25C-46B5-8A25-B3D9F3DA3358}.Linux-Debug|Any CPU.Build.0 = Linux-Debug|Any CPU
		{1540F9A6-A25C-46B5-8A25-B3D9F3DA3358}.Linux-Release|Any CPU.ActiveCfg = Linux-Release|Any CPU
		{1540F9A6-A25C-46B5-8A25-B3D9F3DA3358}.Linux-Release|Any CPU.Build.0 = Linux-Release|Any CPU
		{1540F9A6-A25C-46B5-8A25-B3D9F3DA3358}.Release|Any CPU.ActiveCfg = Windows-Release|Any CPU
		{1540F9A6-A25C-46B5-8A25-B3D9F3DA3358}.Release|Any CPU.Build.0 = Windows-Release|Any CPU
		{1540F9A6-A25C-46B5-8A25-B3D9F3DA3358}.Windows-Debug|Any CPU.ActiveCfg = Windows-Debug|Any CPU
		{1540F9A6-A25C-46B5-8A25-B3D9F3DA3358}.Windows-Debug|Any CPU.Build.0 = Windows-Debug|Any CPU
		{1540F9A6-A25C-46B5-8A25-B3D9F3DA3358}.Windows-Release|Any CPU.ActiveCfg = Windows-Release|Any CPU
		{1540F9A6-A25C-46B5-8A25-B3D9F3DA3358}.Windows-Release|Any CPU.Build.0 = Windows-Release|Any CPU
		{340F8F6E-0B27-4EA5-90E9-ECB208808F32}.Debug|Any CPU.ActiveCfg = Windows-Debug|Any CPU
		{340F8F6E-0B27-4EA5-90E9-ECB208808F32}.Debug|Any CPU.Build.0 = Windows-Debug|Any CPU
		{340F8F6E-0B27-4EA5-90E9-ECB208808F32}.Linux-Debug|Any CPU.ActiveCfg = Linux-Debug|Any CPU
		{340F8F6E-0B27-4EA5-90E9-ECB208808F32}.Linux-Debug|Any CPU.Build.0 = Linux-Debug|Any CPU
		{340F8F6E-0B27-4EA5-90E9-ECB208808F32}.Linux-Release|Any CPU.ActiveCfg = Linux-Release|Any CPU
		{340F8F6E-0B27-4EA5-90E9-ECB208808F32}.Linux-Release|Any CPU.Build.0 = Linux-Release|Any CPU
		{340F8F6E-0B27-4EA5-90E9-ECB208808F32}.Release|Any CPU.ActiveCfg = Windows-Release|Any CPU
		{340F8F6E-0B27-4EA5-90E9-ECB208808F32}.Release|Any CPU.Build.0 = Windows-Release|Any CPU
		{340F8F6E-0B27-4EA5-90E9-ECB208808F32}.Windows-Debug|Any CPU.ActiveCfg = Windows-Debug|Any CPU
		{340F8F6E-0B27-4EA5-90E9-ECB208808F32}.Windows-Debug|Any CPU.Build.0 = Windows-Debug|Any CPU
		{340F8F6E-0B27-4EA5-90E9-ECB208808F32}.Windows-Release|Any CPU.ActiveCfg = Windows-Release|Any CPU
		{340F8F6E-0B27-4EA5-90E9-ECB208808F32}.Windows-Release|Any CPU.Build.0 = Windows-Release|Any CPU
		{C3088118-4A6B-4A1D-972D-9B0A83E026B3}.Debug|Any CPU.ActiveCfg = Windows-Debug|Any CPU
		{C3088118-4A6B-4A1D-972D-9B0A83E026B3}.Debug|Any CPU.Build.0 = Windows-Debug|Any CPU
		{C3088118-4A6B-4A1D-972D-9B0A83E026B3}.Linux-Debug|Any CPU.ActiveCfg = Linux-Debug|Any CPU
		{C3088118-4A6B-4A1D-972D-9B0A83E026B3}.Linux-Debug|Any CPU.Build.0 = Linux-Debug|Any CPU
		{C3088118-4A6B-4A1D-972D-9B0A83E026B3}.Linux-Release|Any CPU.ActiveCfg = Linux-Release|Any CPU
		{C3088118-4A6B-4A1D-972D-9B0A83E026B3}.Linux-Release|Any CPU.Build.0 = Linux-Release|Any CPU
		{C3088118-4A6B-4A1D-972D-9B0A83E026B3}.Release|Any CPU.ActiveCfg = Windows-Release|Any CPU
		{C3088118-4A6B-4A1D-972D-9B0A83E026B3}.Release|Any CPU.Build.0 = Windows-Release|Any CPU
		{C3088118-4A6B-4A1D-972D-9B0A83E026B3}.Windows-Debug|Any CPU.ActiveCfg = Windows-Debug|Any CPU
		{C3088118-4A6B-4A1D-972D-9B0A83E026B3}.Windows-Debug|Any CPU.Build.0 = Windows-Debug|Any CPU
		{C3088118-4A6B-4A1D-972D-9B0A83E026B3}.Windows-Release|Any CPU.ActiveCfg = Windows-Release|Any CPU
		{C3088118-4A6B-4A1D-972D-9B0A83E026B3}.Windows-Release|Any CPU.Build.0 = Windows-Release|Any CPU
		{E33A9273-6561-42E9-92C2-D7FE13D7E9AA}.Debug|Any CPU.ActiveCfg = Windows-Debug|Any CPU
		{E33A9273-6561-42E9-92C2-D7FE13D7E9AA}.Debug|Any CPU.Build.0 = Windows-Debug|Any CPU
		{E33A9273-6561-42E9-92C2-D7FE13D7E9AA}.Linux-Debug|Any CPU.ActiveCfg = Linux-Debug|Any CPU
		{E33A9273-6561-42E9-92C2-D7FE13D7E9AA}.Linux-Release|Any CPU.ActiveCfg = Linux-Release|Any CPU
		{E33A9273-6561-42E9-92C2-D7FE13D7E9AA}.Release|Any CPU.ActiveCfg = Windows-Release|Any CPU
		{E33A9273-6561-42E9-92C2-D7FE13D7E9AA}.Release|Any CPU.Build.0 = Windows-Release|Any CPU
		{E33A9273-6561-42E9-92C2-D7FE13D7E9AA}.Windows-Debug|Any CPU.ActiveCfg = Windows-Debug|Any CPU
		{E33A9273-6561-42E9-92C2-D7FE13D7E9AA}.Windows-Release|Any CPU.ActiveCfg = Windows-Release|Any CPU
		{5D3D1B81-DB2F-4503-A6C9-DF5D6468E355}.Debug|Any CPU.ActiveCfg = Windows-Debug|Any CPU
		{5D3D1B81-DB2F-4503-A6C9-DF5D6468E355}.Debug|Any CPU.Build.0 = Windows-Debug|Any CPU
		{5D3D1B81-DB2F-4503-A6C9-DF5D6468E355}.Linux-Debug|Any CPU.ActiveCfg = Linux-Debug|Any CPU
		{5D3D1B81-DB2F-4503-A6C9-DF5D6468E355}.Linux-Debug|Any CPU.Build.0 = Linux-Debug|Any CPU
		{5D3D1B81-DB2F-4503-A6C9-DF5D6468E355}.Linux-Release|Any CPU.ActiveCfg = Linux-Release|Any CPU
		{5D3D1B81-DB2F-4503-A6C9-DF5D6468E355}.Linux-Release|Any CPU.Build.0 = Linux-Release|Any CPU
		{5D3D1B81-DB2F-4503-A6C9-DF5D6468E355}.Release|Any CPU.ActiveCfg = Windows-Release|Any CPU
		{5D3D1B81-DB2F-4503-A6C9-DF5D6468E355}.Release|Any CPU.Build.0 = Windows-Release|Any CPU
		{5D3D1B81-DB2F-4503-A6C9-DF5D6468E355}.Windows-Debug|Any CPU.ActiveCfg = Windows-Debug|Any CPU
		{5D3D1B81-DB2F-4503-A6C9-DF5D6468E355}.Windows-Debug|Any CPU.Build.0 = Windows-Debug|Any CPU
		{5D3D1B81-DB2F-4503-A6C9-DF5D6468E355}.Windows-Release|Any CPU.ActiveCfg = Windows-Release|Any CPU
		{5D3D1B81-DB2F-4503-A6C9-DF5D6468E355}.Windows-Release|Any CPU.Build.0 = Windows-Release|Any CPU
		{6CF04FB7-6F52-49F6-A213-5AB262B0BDD3}.Debug|Any CPU.ActiveCfg = Windows-Debug|Any CPU
		{6CF04FB7-6F52-49F6-A213-5AB262B0BDD3}.Debug|Any CPU.Build.0 = Windows-Debug|Any CPU
		{6CF04FB7-6F52-49F6-A213-5AB262B0BDD3}.Linux-Debug|Any CPU.ActiveCfg = Linux-Debug|Any CPU
		{6CF04FB7-6F52-49F6-A213-5AB262B0BDD3}.Linux-Debug|Any CPU.Build.0 = Linux-Debug|Any CPU
		{6CF04FB7-6F52-49F6-A213-5AB262B0BDD3}.Linux-Release|Any CPU.ActiveCfg = Linux-Release|Any CPU
		{6CF04FB7-6F52-49F6-A213-5AB262B0BDD3}.Linux-Release|Any CPU.Build.0 = Linux-Release|Any CPU
		{6CF04FB7-6F52-49F6-A213-5AB262B0BDD3}.Release|Any CPU.ActiveCfg = Windows-Release|Any CPU
		{6CF04FB7-6F52-49F6-A213-5AB262B0BDD3}.Release|Any CPU.Build.0 = Windows-Release|Any CPU
		{6CF04FB7-6F52-49F6-A213-5AB262B0BDD3}.Windows-Debug|Any CPU.ActiveCfg = Windows-Debug|Any CPU
		{6CF04FB7-6F52-49F6-A213-5AB262B0BDD3}.Windows-Debug|Any CPU.Build.0 = Windows-Debug|Any CPU
		{6CF04FB7-6F52-49F6-A213-5AB262B0BDD3}.Windows-Release|Any CPU.ActiveCfg = Windows-Release|Any CPU
		{6CF04FB7-6F52-49F6-A213-5AB262B0BDD3}.Windows-Release|Any CPU.Build.0 = Windows-Release|Any CPU
		{920E153B-8139-44E8-BF01-E7B3B056BCE6}.Debug|Any CPU.ActiveCfg = Windows-Debug|Any CPU
		{920E153B-8139-44E8-BF01-E7B3B056BCE6}.Debug|Any CPU.Build.0 = Windows-Debug|Any CPU
		{920E153B-8139-44E8-BF01-E7B3B056BCE6}.Linux-Debug|Any CPU.ActiveCfg = Linux-Debug|Any CPU
		{920E153B-8139-44E8-BF01-E7B3B056BCE6}.Linux-Debug|Any CPU.Build.0 = Linux-Debug|Any CPU
		{920E153B-8139-44E8-BF01-E7B3B056BCE6}.Linux-Release|Any CPU.ActiveCfg = Linux-Release|Any CPU
		{920E153B-8139-44E8-BF01-E7B3B056BCE6}.Linux-Release|Any CPU.Build.0 = Linux-Release|Any CPU
		{920E153B-8139-44E8-BF01-E7B3B056BCE6}.Release|Any CPU.ActiveCfg = Windows-Release|Any CPU
		{920E153B-8139-44E8-BF01-E7B3B056BCE6}.Release|Any CPU.Build.0 = Windows-Release|Any CPU
		{920E153B-8139-44E8-BF01-E7B3B056BCE6}.Windows-Debug|Any CPU.ActiveCfg = Windows-Debug|Any CPU
		{920E153B-8139-44E8-BF01-E7B3B056BCE6}.Windows-Debug|Any CPU.Build.0 = Windows-Debug|Any CPU
		{920E153B-8139-44E8-BF01-E7B3B056BCE6}.Windows-Release|Any CPU.ActiveCfg = Windows-Release|Any CPU
		{920E153B-8139-44E8-BF01-E7B3B056BCE6}.Windows-Release|Any CPU.Build.0 = Windows-Release|Any CPU
		{3D009C13-256A-4F29-84AB-465DE07265CF}.Debug|Any CPU.ActiveCfg = Windows-Debug|Any CPU
		{3D009C13-256A-4F29-84AB-465DE07265CF}.Debug|Any CPU.Build.0 = Windows-Debug|Any CPU
		{3D009C13-256A-4F29-84AB-465DE07265CF}.Linux-Debug|Any CPU.ActiveCfg = Linux-Debug|Any CPU
		{3D009C13-256A-4F29-84AB-465DE07265CF}.Linux-Debug|Any CPU.Build.0 = Linux-Debug|Any CPU
		{3D009C13-256A-4F29-84AB-465DE07265CF}.Linux-Release|Any CPU.ActiveCfg = Linux-Release|Any CPU
		{3D009C13-256A-4F29-84AB-465DE07265CF}.Linux-Release|Any CPU.Build.0 = Linux-Release|Any CPU
		{3D009C13-256A-4F29-84AB-465DE07265CF}.Release|Any CPU.ActiveCfg = Windows-Release|Any CPU
		{3D009C13-256A-4F29-84AB-465DE07265CF}.Release|Any CPU.Build.0 = Windows-Release|Any CPU
		{3D009C13-256A-4F29-84AB-465DE07265CF}.Windows-Debug|Any CPU.ActiveCfg = Windows-Debug|Any CPU
		{3D009C13-256A-4F29-84AB-465DE07265CF}.Windows-Debug|Any CPU.Build.0 = Windows-Debug|Any CPU
		{3D009C13-256A-4F29-84AB-465DE07265CF}.Windows-Release|Any CPU.ActiveCfg = Windows-Release|Any CPU
		{3D009C13-256A-4F29-84AB-465DE07265CF}.Windows-Release|Any CPU.Build.0 = Windows-Release|Any CPU
		{7DFDE116-E468-415D-AC25-7BDC6FC91C0C}.Debug|Any CPU.ActiveCfg = Windows-Debug|Any CPU
		{7DFDE116-E468-415D-AC25-7BDC6FC91C0C}.Debug|Any CPU.Build.0 = Windows-Debug|Any CPU
		{7DFDE116-E468-415D-AC25-7BDC6FC91C0C}.Linux-Debug|Any CPU.ActiveCfg = Linux-Debug|Any CPU
		{7DFDE116-E468-415D-AC25-7BDC6FC91C0C}.Linux-Debug|Any CPU.Build.0 = Linux-Debug|Any CPU
		{7DFDE116-E468-415D-AC25-7BDC6FC91C0C}.Linux-Release|Any CPU.ActiveCfg = Linux-Release|Any CPU
		{7DFDE116-E468-415D-AC25-7BDC6FC91C0C}.Linux-Release|Any CPU.Build.0 = Linux-Release|Any CPU
		{7DFDE116-E468-415D-AC25-7BDC6FC91C0C}.Release|Any CPU.ActiveCfg = Windows-Release|Any CPU
		{7DFDE116-E468-415D-AC25-7BDC6FC91C0C}.Release|Any CPU.Build.0 = Windows-Release|Any CPU
		{7DFDE116-E468-415D-AC25-7BDC6FC91C0C}.Windows-Debug|Any CPU.ActiveCfg = Windows-Debug|Any CPU
		{7DFDE116-E468-415D-AC25-7BDC6FC91C0C}.Windows-Debug|Any CPU.Build.0 = Windows-Debug|Any CPU
		{7DFDE116-E468-415D-AC25-7BDC6FC91C0C}.Windows-Release|Any CPU.ActiveCfg = Windows-Release|Any CPU
		{7DFDE116-E468-415D-AC25-7BDC6FC91C0C}.Windows-Release|Any CPU.Build.0 = Windows-Release|Any CPU
		{427E4E85-EF34-425B-BEBD-A2B5846C26E9}.Debug|Any CPU.ActiveCfg = Windows-Debug|Any CPU
		{427E4E85-EF34-425B-BEBD-A2B5846C26E9}.Debug|Any CPU.Build.0 = Windows-Debug|Any CPU
		{427E4E85-EF34-425B-BEBD-A2B5846C26E9}.Linux-Debug|Any CPU.ActiveCfg = Linux-Debug|Any CPU
		{427E4E85-EF34-425B-BEBD-A2B5846C26E9}.Linux-Debug|Any CPU.Build.0 = Linux-Debug|Any CPU
		{427E4E85-EF34-425B-BEBD-A2B5846C26E9}.Linux-Release|Any CPU.ActiveCfg = Linux-Release|Any CPU
		{427E4E85-EF34-425B-BEBD-A2B5846C26E9}.Linux-Release|Any CPU.Build.0 = Linux-Release|Any CPU
		{427E4E85-EF34-425B-BEBD-A2B5846C26E9}.Release|Any CPU.ActiveCfg = Windows-Release|Any CPU
		{427E4E85-EF34-425B-BEBD-A2B5846C26E9}.Release|Any CPU.Build.0 = Windows-Release|Any CPU
		{427E4E85-EF34-425B-BEBD-A2B5846C26E9}.Windows-Debug|Any CPU.ActiveCfg = Windows-Debug|Any CPU
		{427E4E85-EF34-425B-BEBD-A2B5846C26E9}.Windows-Debug|Any CPU.Build.0 = Windows-Debug|Any CPU
		{427E4E85-EF34-425B-BEBD-A2B5846C26E9}.Windows-Release|Any CPU.ActiveCfg = Windows-Release|Any CPU
		{427E4E85-EF34-425B-BEBD-A2B5846C26E9}.Windows-Release|Any CPU.Build.0 = Windows-Release|Any CPU
		{1D227EB6-C472-472B-9D00-CBB1C61271B2}.Debug|Any CPU.ActiveCfg = Windows-Debug|Any CPU
		{1D227EB6-C472-472B-9D00-CBB1C61271B2}.Debug|Any CPU.Build.0 = Windows-Debug|Any CPU
		{1D227EB6-C472-472B-9D00-CBB1C61271B2}.Linux-Debug|Any CPU.ActiveCfg = Linux-Debug|Any CPU
		{1D227EB6-C472-472B-9D00-CBB1C61271B2}.Linux-Debug|Any CPU.Build.0 = Linux-Debug|Any CPU
		{1D227EB6-C472-472B-9D00-CBB1C61271B2}.Linux-Release|Any CPU.ActiveCfg = Linux-Release|Any CPU
		{1D227EB6-C472-472B-9D00-CBB1C61271B2}.Linux-Release|Any CPU.Build.0 = Linux-Release|Any CPU
		{1D227EB6-C472-472B-9D00-CBB1C61271B2}.Release|Any CPU.ActiveCfg = Windows-Release|Any CPU
		{1D227EB6-C472-472B-9D00-CBB1C61271B2}.Release|Any CPU.Build.0 = Windows-Release|Any CPU
		{1D227EB6-C472-472B-9D00-CBB1C61271B2}.Windows-Debug|Any CPU.ActiveCfg = Windows-Debug|Any CPU
		{1D227EB6-C472-472B-9D00-CBB1C61271B2}.Windows-Debug|Any CPU.Build.0 = Windows-Debug|Any CPU
		{1D227EB6-C472-472B-9D00-CBB1C61271B2}.Windows-Release|Any CPU.ActiveCfg = Windows-Release|Any CPU
		{1D227EB6-C472-472B-9D00-CBB1C61271B2}.Windows-Release|Any CPU.Build.0 = Windows-Release|Any CPU
		{C7317C14-7D1C-49AE-8EB0-78B16F3B3753}.Debug|Any CPU.ActiveCfg = Windows-Debug|Any CPU
		{C7317C14-7D1C-49AE-8EB0-78B16F3B3753}.Debug|Any CPU.Build.0 = Windows-Debug|Any CPU
		{C7317C14-7D1C-49AE-8EB0-78B16F3B3753}.Linux-Debug|Any CPU.ActiveCfg = Linux-Debug|Any CPU
		{C7317C14-7D1C-49AE-8EB0-78B16F3B3753}.Linux-Debug|Any CPU.Build.0 = Linux-Debug|Any CPU
		{C7317C14-7D1C-49AE-8EB0-78B16F3B3753}.Linux-Release|Any CPU.ActiveCfg = Linux-Release|Any CPU
		{C7317C14-7D1C-49AE-8EB0-78B16F3B3753}.Linux-Release|Any CPU.Build.0 = Linux-Release|Any CPU
		{C7317C14-7D1C-49AE-8EB0-78B16F3B3753}.Release|Any CPU.ActiveCfg = Windows-Release|Any CPU
		{C7317C14-7D1C-49AE-8EB0-78B16F3B3753}.Release|Any CPU.Build.0 = Windows-Release|Any CPU
		{C7317C14-7D1C-49AE-8EB0-78B16F3B3753}.Windows-Debug|Any CPU.ActiveCfg = Windows-Debug|Any CPU
		{C7317C14-7D1C-49AE-8EB0-78B16F3B3753}.Windows-Debug|Any CPU.Build.0 = Windows-Debug|Any CPU
		{C7317C14-7D1C-49AE-8EB0-78B16F3B3753}.Windows-Release|Any CPU.ActiveCfg = Windows-Release|Any CPU
		{C7317C14-7D1C-49AE-8EB0-78B16F3B3753}.Windows-Release|Any CPU.Build.0 = Windows-Release|Any CPU
		{C5325287-8054-4356-A1DB-6AA63DBD4094}.Debug|Any CPU.ActiveCfg = Windows-Debug|Any CPU
		{C5325287-8054-4356-A1DB-6AA63DBD4094}.Debug|Any CPU.Build.0 = Windows-Debug|Any CPU
		{C5325287-8054-4356-A1DB-6AA63DBD4094}.Linux-Debug|Any CPU.ActiveCfg = Linux-Debug|Any CPU
		{C5325287-8054-4356-A1DB-6AA63DBD4094}.Linux-Debug|Any CPU.Build.0 = Linux-Debug|Any CPU
		{C5325287-8054-4356-A1DB-6AA63DBD4094}.Linux-Release|Any CPU.ActiveCfg = Linux-Release|Any CPU
		{C5325287-8054-4356-A1DB-6AA63DBD4094}.Linux-Release|Any CPU.Build.0 = Linux-Release|Any CPU
		{C5325287-8054-4356-A1DB-6AA63DBD4094}.Release|Any CPU.ActiveCfg = Windows-Release|Any CPU
		{C5325287-8054-4356-A1DB-6AA63DBD4094}.Release|Any CPU.Build.0 = Windows-Release|Any CPU
		{C5325287-8054-4356-A1DB-6AA63DBD4094}.Windows-Debug|Any CPU.ActiveCfg = Windows-Debug|Any CPU
		{C5325287-8054-4356-A1DB-6AA63DBD4094}.Windows-Debug|Any CPU.Build.0 = Windows-Debug|Any CPU
		{C5325287-8054-4356-A1DB-6AA63DBD4094}.Windows-Release|Any CPU.ActiveCfg = Windows-Release|Any CPU
		{C5325287-8054-4356-A1DB-6AA63DBD4094}.Windows-Release|Any CPU.Build.0 = Windows-Release|Any CPU
		{D819BBFE-10F5-4A78-AE4B-350AE758EDAE}.Debug|Any CPU.ActiveCfg = Windows-Debug|Any CPU
		{D819BBFE-10F5-4A78-AE4B-350AE758EDAE}.Debug|Any CPU.Build.0 = Windows-Debug|Any CPU
		{D819BBFE-10F5-4A78-AE4B-350AE758EDAE}.Linux-Debug|Any CPU.ActiveCfg = Linux-Debug|Any CPU
		{D819BBFE-10F5-4A78-AE4B-350AE758EDAE}.Linux-Debug|Any CPU.Build.0 = Linux-Debug|Any CPU
		{D819BBFE-10F5-4A78-AE4B-350AE758EDAE}.Linux-Release|Any CPU.ActiveCfg = Linux-Release|Any CPU
		{D819BBFE-10F5-4A78-AE4B-350AE758EDAE}.Linux-Release|Any CPU.Build.0 = Linux-Release|Any CPU
		{D819BBFE-10F5-4A78-AE4B-350AE758EDAE}.Release|Any CPU.ActiveCfg = Windows-Release|Any CPU
		{D819BBFE-10F5-4A78-AE4B-350AE758EDAE}.Release|Any CPU.Build.0 = Windows-Release|Any CPU
		{D819BBFE-10F5-4A78-AE4B-350AE758EDAE}.Windows-Debug|Any CPU.ActiveCfg = Windows-Debug|Any CPU
		{D819BBFE-10F5-4A78-AE4B-350AE758EDAE}.Windows-Debug|Any CPU.Build.0 = Windows-Debug|Any CPU
		{D819BBFE-10F5-4A78-AE4B-350AE758EDAE}.Windows-Release|Any CPU.ActiveCfg = Windows-Release|Any CPU
		{D819BBFE-10F5-4A78-AE4B-350AE758EDAE}.Windows-Release|Any CPU.Build.0 = Windows-Release|Any CPU
		{89A2370E-C111-4B64-B900-B26346EC65B8}.Debug|Any CPU.ActiveCfg = Windows-Debug|Any CPU
		{89A2370E-C111-4B64-B900-B26346EC65B8}.Debug|Any CPU.Build.0 = Windows-Debug|Any CPU
		{89A2370E-C111-4B64-B900-B26346EC65B8}.Linux-Debug|Any CPU.ActiveCfg = Linux-Debug|Any CPU
		{89A2370E-C111-4B64-B900-B26346EC65B8}.Linux-Debug|Any CPU.Build.0 = Linux-Debug|Any CPU
		{89A2370E-C111-4B64-B900-B26346EC65B8}.Linux-Release|Any CPU.ActiveCfg = Linux-Release|Any CPU
		{89A2370E-C111-4B64-B900-B26346EC65B8}.Linux-Release|Any CPU.Build.0 = Linux-Release|Any CPU
		{89A2370E-C111-4B64-B900-B26346EC65B8}.Release|Any CPU.ActiveCfg = Windows-Release|Any CPU
		{89A2370E-C111-4B64-B900-B26346EC65B8}.Release|Any CPU.Build.0 = Windows-Release|Any CPU
		{89A2370E-C111-4B64-B900-B26346EC65B8}.Windows-Debug|Any CPU.ActiveCfg = Windows-Debug|Any CPU
		{89A2370E-C111-4B64-B900-B26346EC65B8}.Windows-Debug|Any CPU.Build.0 = Windows-Debug|Any CPU
		{89A2370E-C111-4B64-B900-B26346EC65B8}.Windows-Release|Any CPU.ActiveCfg = Windows-Release|Any CPU
		{89A2370E-C111-4B64-B900-B26346EC65B8}.Windows-Release|Any CPU.Build.0 = Windows-Release|Any CPU
		{FF098784-F57B-4D6C-BF5B-31DCB6094313}.Debug|Any CPU.ActiveCfg = Debug|Any CPU
		{FF098784-F57B-4D6C-BF5B-31DCB6094313}.Debug|Any CPU.Build.0 = Debug|Any CPU
		{FF098784-F57B-4D6C-BF5B-31DCB6094313}.Linux-Debug|Any CPU.ActiveCfg = Debug|Any CPU
		{FF098784-F57B-4D6C-BF5B-31DCB6094313}.Linux-Debug|Any CPU.Build.0 = Debug|Any CPU
		{FF098784-F57B-4D6C-BF5B-31DCB6094313}.Linux-Release|Any CPU.ActiveCfg = Release|Any CPU
		{FF098784-F57B-4D6C-BF5B-31DCB6094313}.Linux-Release|Any CPU.Build.0 = Release|Any CPU
		{FF098784-F57B-4D6C-BF5B-31DCB6094313}.Release|Any CPU.ActiveCfg = Release|Any CPU
		{FF098784-F57B-4D6C-BF5B-31DCB6094313}.Release|Any CPU.Build.0 = Release|Any CPU
		{FF098784-F57B-4D6C-BF5B-31DCB6094313}.Windows-Debug|Any CPU.ActiveCfg = Debug|Any CPU
		{FF098784-F57B-4D6C-BF5B-31DCB6094313}.Windows-Debug|Any CPU.Build.0 = Debug|Any CPU
		{FF098784-F57B-4D6C-BF5B-31DCB6094313}.Windows-Release|Any CPU.ActiveCfg = Release|Any CPU
		{FF098784-F57B-4D6C-BF5B-31DCB6094313}.Windows-Release|Any CPU.Build.0 = Release|Any CPU
	EndGlobalSection
	GlobalSection(SolutionProperties) = preSolution
		HideSolutionNode = FALSE
	EndGlobalSection
	GlobalSection(NestedProjects) = preSolution
		{8EEFB99A-D966-4332-9FCE-BC7FEE18F464} = {20EAFC3F-1742-4032-B885-2DDCFE385E22}
		{FC2DA305-BD70-468E-BCC5-7BCF4F161471} = {C9CEAFCB-4DE8-414E-851E-0EDB48D04B47}
		{2338FE0F-7527-48C1-BC1A-92F801BB7BAD} = {C9CEAFCB-4DE8-414E-851E-0EDB48D04B47}
		{2ADDF79C-3F18-4DDC-8865-AABC4FBE79F8} = {C9CEAFCB-4DE8-414E-851E-0EDB48D04B47}
		{F242A363-4F5B-481F-A80B-777E82C18F68} = {C9CEAFCB-4DE8-414E-851E-0EDB48D04B47}
		{73FA5524-663A-4AF7-97D7-C77EF5859A9F} = {C9CEAFCB-4DE8-414E-851E-0EDB48D04B47}
		{C78E7D97-2D34-4C47-A48E-DF1A3E960D61} = {20EAFC3F-1742-4032-B885-2DDCFE385E22}
		{234B271E-7F73-42AA-97CF-C7D9630D841A} = {C9CEAFCB-4DE8-414E-851E-0EDB48D04B47}
		{F4B5EDA5-1BFB-46FD-920F-FEBC1CE90EA1} = {20EAFC3F-1742-4032-B885-2DDCFE385E22}
		{EE63F684-46DB-466E-82B2-74F988F3DD4B} = {20EAFC3F-1742-4032-B885-2DDCFE385E22}
		{CF764600-E3A0-46BF-8CC9-7AA352D07B4E} = {C9CEAFCB-4DE8-414E-851E-0EDB48D04B47}
		{C0437DC2-2BB7-4AF0-89A9-22CE4B6E7C25} = {20EAFC3F-1742-4032-B885-2DDCFE385E22}
		{29845475-AB8D-4D36-BFF2-7F7153167842} = {D51D2071-6765-4DCC-9627-A3949D8C1DFD}
		{1540F9A6-A25C-46B5-8A25-B3D9F3DA3358} = {C9CEAFCB-4DE8-414E-851E-0EDB48D04B47}
		{340F8F6E-0B27-4EA5-90E9-ECB208808F32} = {C9CEAFCB-4DE8-414E-851E-0EDB48D04B47}
		{C3088118-4A6B-4A1D-972D-9B0A83E026B3} = {20EAFC3F-1742-4032-B885-2DDCFE385E22}
		{E33A9273-6561-42E9-92C2-D7FE13D7E9AA} = {D51D2071-6765-4DCC-9627-A3949D8C1DFD}
		{5D3D1B81-DB2F-4503-A6C9-DF5D6468E355} = {C9CEAFCB-4DE8-414E-851E-0EDB48D04B47}
		{6CF04FB7-6F52-49F6-A213-5AB262B0BDD3} = {C9CEAFCB-4DE8-414E-851E-0EDB48D04B47}
		{920E153B-8139-44E8-BF01-E7B3B056BCE6} = {C9CEAFCB-4DE8-414E-851E-0EDB48D04B47}
		{3D009C13-256A-4F29-84AB-465DE07265CF} = {C9CEAFCB-4DE8-414E-851E-0EDB48D04B47}
		{7DFDE116-E468-415D-AC25-7BDC6FC91C0C} = {20EAFC3F-1742-4032-B885-2DDCFE385E22}
		{427E4E85-EF34-425B-BEBD-A2B5846C26E9} = {C9CEAFCB-4DE8-414E-851E-0EDB48D04B47}
		{1D227EB6-C472-472B-9D00-CBB1C61271B2} = {C9CEAFCB-4DE8-414E-851E-0EDB48D04B47}
		{C7317C14-7D1C-49AE-8EB0-78B16F3B3753} = {C9CEAFCB-4DE8-414E-851E-0EDB48D04B47}
		{C5325287-8054-4356-A1DB-6AA63DBD4094} = {C9CEAFCB-4DE8-414E-851E-0EDB48D04B47}
		{D819BBFE-10F5-4A78-AE4B-350AE758EDAE} = {C9CEAFCB-4DE8-414E-851E-0EDB48D04B47}
		{89A2370E-C111-4B64-B900-B26346EC65B8} = {C9CEAFCB-4DE8-414E-851E-0EDB48D04B47}
		{FF098784-F57B-4D6C-BF5B-31DCB6094313} = {C9CEAFCB-4DE8-414E-851E-0EDB48D04B47}
	EndGlobalSection
	GlobalSection(ExtensibilityGlobals) = postSolution
		SolutionGuid = {8DA49ECC-9D08-42FC-B5AB-6318780C1619}
	EndGlobalSection
EndGlobal
